
Microsoft Visual Studio Solution File, Format Version 12.00
# Visual Studio Version 16
VisualStudioVersion = 16.0.31205.134
MinimumVisualStudioVersion = 10.0.40219.1
Project("{FAE04EC0-301F-11D3-BF4B-00C04F79EFBC}") = "Arraylist islemleri", "Arraylist islemleri\Arraylist islemleri.csproj", "{B2466D6F-EC5C-4B78-8FB7-7999BF8E1207}"
EndProject
Global
	GlobalSection(SolutionConfigurationPlatforms) = preSolution
		Debug|Any CPU = Debug|Any CPU
		Release|Any CPU = Release|Any CPU
	EndGlobalSection
	GlobalSection(ProjectConfigurationPlatforms) = postSolution
		{B2466D6F-EC5C-4B78-8FB7-7999BF8E1207}.Debug|Any CPU.ActiveCfg = Debug|Any CPU
		{B2466D6F-EC5C-4B78-8FB7-7999BF8E1207}.Debug|Any CPU.Build.0 = Debug|Any CPU
		{B2466D6F-EC5C-4B78-8FB7-7999BF8E1207}.Release|Any CPU.ActiveCfg = Release|Any CPU
		{B2466D6F-EC5C-4B78-8FB7-7999BF8E1207}.Release|Any CPU.Build.0 = Release|Any CPU
	EndGlobalSection
	GlobalSection(SolutionProperties) = preSolution
		HideSolutionNode = FALSE
	EndGlobalSection
	GlobalSection(ExtensibilityGlobals) = postSolution
		SolutionGuid = {4982548B-2DC4-4FF1-9D45-5482955AEF37}
	EndGlobalSection
EndGlobal
